{
  "name": "mathnote",
  "lockfileVersion": 3,
  "requires": true,
  "packages": {
    "": {
      "dependencies": {
        "katex": "^0.16.40"
      }
    },
    "node_modules/commander": {
      "version": "8.3.0",
      "resolved": "https://registry.npmjs.org/commander/-/commander-8.3.0.tgz",
      "integrity": "sha512-OkTL9umf+He2DZkUq8f8J9of7yL6RJKI24dVITBmNfZBmri9zYZQrKkuXiKhyfPSu8tUhnVBB1iKXevvnlR4Ww==",
      "engines": {
        "node": ">= 12"
      }
    },
    "node_modules/katex": {
      "version": "0.16.40",
      "resolved": "https://registry.npmjs.org/katex/-/katex-0.16.40.tgz",
      "integrity": "sha512-1DJcK/L05k1Y9Gf7wMcyuqFOL6BiY3vY0CFcAM/LPRN04NALxcl6u7lOWNsp3f/bCHWxigzQl6FbR95XJ4R84Q==",
      "funding": [
        "https://opencollective.com/katex",
        "https://github.com/sponsors/katex"
      ],
      "dependencies": {
        "commander": "^8.3.0"
      },
      "bin": {
        "katex": "cli.js"
      }
    }
  }
}
